
Microsoft Visual Studio Solution File, Format Version 12.00
# Visual Studio Version 16
VisualStudioVersion = 16.0.29613.14
MinimumVisualStudioVersion = 10.0.40219.1
Project("{FAE04EC0-301F-11D3-BF4B-00C04F79EFBC}") = "VybeTagger", "VybeTagger\VybeTagger.csproj", "{7098B0AF-2C8E-4B0C-976A-CB556D01665F}"
EndProject
Global
	GlobalSection(SolutionConfigurationPlatforms) = preSolution
		Debug|Any CPU = Debug|Any CPU
		Release|Any CPU = Release|Any CPU
	EndGlobalSection
	GlobalSection(ProjectConfigurationPlatforms) = postSolution
		{7098B0AF-2C8E-4B0C-976A-CB556D01665F}.Debug|Any CPU.ActiveCfg = Debug|Any CPU
		{7098B0AF-2C8E-4B0C-976A-CB556D01665F}.Debug|Any CPU.Build.0 = Debug|Any CPU
		{7098B0AF-2C8E-4B0C-976A-CB556D01665F}.Debug|Any CPU.Deploy.0 = Debug|Any CPU
		{7098B0AF-2C8E-4B0C-976A-CB556D01665F}.Release|Any CPU.ActiveCfg = Release|Any CPU
		{7098B0AF-2C8E-4B0C-976A-CB556D01665F}.Release|Any CPU.Build.0 = Release|Any CPU
		{7098B0AF-2C8E-4B0C-976A-CB556D01665F}.Release|Any CPU.Deploy.0 = Release|Any CPU
	EndGlobalSection
	GlobalSection(SolutionProperties) = preSolution
		HideSolutionNode = FALSE
	EndGlobalSection
	GlobalSection(ExtensibilityGlobals) = postSolution
		SolutionGuid = {DA6F5044-B24B-458E-A921-40E7283DF6C2}
	EndGlobalSection
EndGlobal
